
Microsoft Visual Studio Solution File, Format Version 11.00
# Visual C# Express 2010
Project("{FAE04EC0-301F-11D3-BF4B-00C04F79EFBC}") = "ConsoleApplication8", "ConsoleApplication8\ConsoleApplication8.csproj", "{77EB9C99-CA88-4F65-BE34-79E56D329672}"
EndProject
Global
	GlobalSection(SolutionConfigurationPlatforms) = preSolution
		Debug|x86 = Debug|x86
		Release|x86 = Release|x86
	EndGlobalSection
	GlobalSection(ProjectConfigurationPlatforms) = postSolution
		{77EB9C99-CA88-4F65-BE34-79E56D329672}.Debug|x86.ActiveCfg = Debug|x86
		{77EB9C99-CA88-4F65-BE34-79E56D329672}.Debug|x86.Build.0 = Debug|x86
		{77EB9C99-CA88-4F65-BE34-79E56D329672}.Release|x86.ActiveCfg = Release|x86
		{77EB9C99-CA88-4F65-BE34-79E56D329672}.Release|x86.Build.0 = Release|x86
	EndGlobalSection
	GlobalSection(SolutionProperties) = preSolution
		HideSolutionNode = FALSE
	EndGlobalSection
EndGlobal
